
Microsoft Visual Studio Solution File, Format Version 12.00
# Visual Studio Version 16
VisualStudioVersion = 16.0.31129.286
MinimumVisualStudioVersion = 10.0.40219.1
Project("{FAE04EC0-301F-11D3-BF4B-00C04F79EFBC}") = "IComparer_Demo", "IComparer_Demo\IComparer_Demo.csproj", "{23AF1723-351B-4B0E-8DC8-22AD6D2A4E2B}"
EndProject
Global
	GlobalSection(SolutionConfigurationPlatforms) = preSolution
		Debug|Any CPU = Debug|Any CPU
		Release|Any CPU = Release|Any CPU
	EndGlobalSection
	GlobalSection(ProjectConfigurationPlatforms) = postSolution
		{23AF1723-351B-4B0E-8DC8-22AD6D2A4E2B}.Debug|Any CPU.ActiveCfg = Debug|Any CPU
		{23AF1723-351B-4B0E-8DC8-22AD6D2A4E2B}.Debug|Any CPU.Build.0 = Debug|Any CPU
		{23AF1723-351B-4B0E-8DC8-22AD6D2A4E2B}.Release|Any CPU.ActiveCfg = Release|Any CPU
		{23AF1723-351B-4B0E-8DC8-22AD6D2A4E2B}.Release|Any CPU.Build.0 = Release|Any CPU
	EndGlobalSection
	GlobalSection(SolutionProperties) = preSolution
		HideSolutionNode = FALSE
	EndGlobalSection
	GlobalSection(ExtensibilityGlobals) = postSolution
		SolutionGuid = {F1A784FA-6050-4515-94EC-E5D98CAEEAB8}
	EndGlobalSection
EndGlobal
